# This file is autogenerated, do not edit; changes may be undone by the next 'dep ensure'.


[[projects]]
  branch = "master"
  digest = "1:40d0056c1b1f503c366ba441df92a82b5a2654d6f3747b1689a611eb5c9ce0a2"
  name = "github.com/gdamore/encoding"
  packages = ["."]
  pruneopts = "UT"
  revision = "b23993cbb6353f0e6aa98d0ee318a34728f628b9"

[[projects]]
  digest = "1:ac922199c4232601e05a9f5d07a851da7058fba47694966c026fcd95b59f2a09"
  name = "github.com/gdamore/tcell"
  packages = [
    ".",
    "terminfo",
  ]
  pruneopts = "UT"
  revision = "8fa68ef023c6a27854ba5ca5f2894f322880f544"

[[projects]]
  digest = "1:10db7f693cab6783acbb4d77329f015ade98e0466474e3c01fb2f2820266766e"
  name = "github.com/lucasb-eyer/go-colorful"
  packages = ["."]
  pruneopts = "UT"
  revision = "231272389856c976b7500c4fffcc52ddf06ff4eb"

[[projects]]
  digest = "1:60975be11807edc9bd4fc6965ec271f921c169408ed5db4274faa21b5fb24ba7"
  name = "github.com/marcusolsson/tui-go"
  packages = [
    ".",
    "wordwrap",
  ]
  pruneopts = "UT"
  revision = "e15c085db2edb796ec53acc3504313217c2ece14"
  version = "v0.3.0"

[[projects]]
  digest = "1:bcdd3c95159bf18932c5a3bc7da945c19dd477f54d0d24f4ea04b31076468681"
  name = "github.com/mattn/go-runewidth"
  packages = ["."]
  pruneopts = "UT"
  revision = "97311d9f7767e3d6f422ea06661bc2c7a19e8a5d"

[[projects]]
  digest = "1:e68cd472b96cdf7c9f6971ac41bcc1d4d3b23d67c2a31d2399446e295bc88ae9"
  name = "github.com/mitchellh/go-wordwrap"
  packages = ["."]
  pruneopts = "UT"
  revision = "ad45545899c7b13c020ea92b2072220eefad42b8"

[[projects]]
  digest = "1:37672ad5821719e2df8509c2edd4ba5ae192463237c73c3a2d24ef8b2bc9e36f"
  name = "golang.org/x/text"
  packages = [
    "encoding",
    "encoding/internal/identifier",
    "internal/gen",
    "transform",
    "unicode/cldr",
  ]
  pruneopts = "UT"
  revision = "9e2b64d659da1afe07ce1c9c1dfefc09d188f21e"

[solve-meta]
  analyzer-name = "dep"
  analyzer-version = 1
  input-imports = ["github.com/marcusolsson/tui-go"]
  solver-name = "gps-cdcl"
  solver-version = 1
